{
  "name": "sandbox-js-worker",
  "lockfileVersion": 3,
  "requires": true,
  "packages": {
    "": {
      "name": "sandbox-js-worker",
      "dependencies": {
        "@cloudflare/containers": "latest"
      }
    },
    "node_modules/@cloudflare/containers": {
      "version": "0.2.2",
      "resolved": "https://registry.npmjs.org/@cloudflare/containers/-/containers-0.2.2.tgz",
      "integrity": "sha512-cfTSd7M96Z9NeCiaN4i3FuMb+i2Nzi0HbMuxvMAnUmkXwtWIZCQ3XLqUWQkdCKWNJZ/3BLMInC6ntFvpbTWIpA==",
      "license": "ISC"
    }
  }
}
